
Microsoft Visual Studio Solution File, Format Version 12.00
# Visual Studio Express 2013 for Windows Desktop
VisualStudioVersion = 12.0.21005.1
MinimumVisualStudioVersion = 10.0.40219.1
Project("{8BC9CEB8-8B4A-11D0-8D11-00A0C91BC942}") = "q-learning", "qlearning\src\qlearning.vcxproj", "{49801BB9-9A9C-49C5-AACD-84E2FB1AB8CC}"
	ProjectSection(ProjectDependencies) = postProject
		{E9F67748-E716-4F28-B096-44343A8E28B3} = {E9F67748-E716-4F28-B096-44343A8E28B3}
	EndProjectSection
EndProject
Project("{8BC9CEB8-8B4A-11D0-8D11-00A0C91BC942}") = "hello_web", "hello_web\src\hello_web.vcxproj", "{0D5DAF25-F3A8-4AC5-A2EE-307BE0EE7CC8}"
	ProjectSection(ProjectDependencies) = postProject
		{E9F67748-E716-4F28-B096-44343A8E28B3} = {E9F67748-E716-4F28-B096-44343A8E28B3}
	EndProjectSection
EndProject
Project("{8BC9CEB8-8B4A-11D0-8D11-00A0C91BC942}") = "hello_console", "hello_console\src\hello_console.vcxproj", "{541C854D-B7F0-4298-A415-A9DCDD2B7188}"
	ProjectSection(ProjectDependencies) = postProject
		{E9F67748-E716-4F28-B096-44343A8E28B3} = {E9F67748-E716-4F28-B096-44343A8E28B3}
	EndProjectSection
EndProject
Project("{8BC9CEB8-8B4A-11D0-8D11-00A0C91BC942}") = "hello_ml", "hello_ml\src\hello_ml.vcxproj", "{5A69AF11-059C-4F1C-9835-35D796742DF4}"
	ProjectSection(ProjectDependencies) = postProject
		{E9F67748-E716-4F28-B096-44343A8E28B3} = {E9F67748-E716-4F28-B096-44343A8E28B3}
	EndProjectSection
EndProject
Project("{8BC9CEB8-8B4A-11D0-8D11-00A0C91BC942}") = "GClasses", "..\src\GClasses\GClasses.vcxproj", "{E9F67748-E716-4F28-B096-44343A8E28B3}"
EndProject
Global
	GlobalSection(SolutionConfigurationPlatforms) = preSolution
		Debug|x64 = Debug|x64
		Release|x64 = Release|x64
		ReleaseNoConsole|x64 = ReleaseNoConsole|x64
	EndGlobalSection
	GlobalSection(ProjectConfigurationPlatforms) = postSolution
		{49801BB9-9A9C-49C5-AACD-84E2FB1AB8CC}.Debug|x64.ActiveCfg = Debug|x64
		{49801BB9-9A9C-49C5-AACD-84E2FB1AB8CC}.Debug|x64.Build.0 = Debug|x64
		{49801BB9-9A9C-49C5-AACD-84E2FB1AB8CC}.Release|x64.ActiveCfg = Release|x64
		{49801BB9-9A9C-49C5-AACD-84E2FB1AB8CC}.Release|x64.Build.0 = Release|x64
		{49801BB9-9A9C-49C5-AACD-84E2FB1AB8CC}.ReleaseNoConsole|x64.ActiveCfg = Release|x64
		{49801BB9-9A9C-49C5-AACD-84E2FB1AB8CC}.ReleaseNoConsole|x64.Build.0 = Release|x64
		{0D5DAF25-F3A8-4AC5-A2EE-307BE0EE7CC8}.Debug|x64.ActiveCfg = Debug|x64
		{0D5DAF25-F3A8-4AC5-A2EE-307BE0EE7CC8}.Debug|x64.Build.0 = Debug|x64
		{0D5DAF25-F3A8-4AC5-A2EE-307BE0EE7CC8}.Release|x64.ActiveCfg = Release|x64
		{0D5DAF25-F3A8-4AC5-A2EE-307BE0EE7CC8}.Release|x64.Build.0 = Release|x64
		{0D5DAF25-F3A8-4AC5-A2EE-307BE0EE7CC8}.ReleaseNoConsole|x64.ActiveCfg = ReleaseNoConsole|x64
		{0D5DAF25-F3A8-4AC5-A2EE-307BE0EE7CC8}.ReleaseNoConsole|x64.Build.0 = ReleaseNoConsole|x64
		{541C854D-B7F0-4298-A415-A9DCDD2B7188}.Debug|x64.ActiveCfg = Debug|x64
		{541C854D-B7F0-4298-A415-A9DCDD2B7188}.Debug|x64.Build.0 = Debug|x64
		{541C854D-B7F0-4298-A415-A9DCDD2B7188}.Release|x64.ActiveCfg = Release|x64
		{541C854D-B7F0-4298-A415-A9DCDD2B7188}.Release|x64.Build.0 = Release|x64
		{541C854D-B7F0-4298-A415-A9DCDD2B7188}.ReleaseNoConsole|x64.ActiveCfg = Release|x64
		{541C854D-B7F0-4298-A415-A9DCDD2B7188}.ReleaseNoConsole|x64.Build.0 = Release|x64
		{5A69AF11-059C-4F1C-9835-35D796742DF4}.Debug|x64.ActiveCfg = Debug|x64
		{5A69AF11-059C-4F1C-9835-35D796742DF4}.Debug|x64.Build.0 = Debug|x64
		{5A69AF11-059C-4F1C-9835-35D796742DF4}.Release|x64.ActiveCfg = Release|x64
		{5A69AF11-059C-4F1C-9835-35D796742DF4}.Release|x64.Build.0 = Release|x64
		{5A69AF11-059C-4F1C-9835-35D796742DF4}.ReleaseNoConsole|x64.ActiveCfg = Release|x64
		{5A69AF11-059C-4F1C-9835-35D796742DF4}.ReleaseNoConsole|x64.Build.0 = Release|x64
		{E9F67748-E716-4F28-B096-44343A8E28B3}.Debug|x64.ActiveCfg = Debug|x64
		{E9F67748-E716-4F28-B096-44343A8E28B3}.Debug|x64.Build.0 = Debug|x64
		{E9F67748-E716-4F28-B096-44343A8E28B3}.Release|x64.ActiveCfg = Release|x64
		{E9F67748-E716-4F28-B096-44343A8E28B3}.Release|x64.Build.0 = Release|x64
		{E9F67748-E716-4F28-B096-44343A8E28B3}.ReleaseNoConsole|x64.ActiveCfg = Release|x64
		{E9F67748-E716-4F28-B096-44343A8E28B3}.ReleaseNoConsole|x64.Build.0 = Release|x64
	EndGlobalSection
	GlobalSection(SolutionProperties) = preSolution
		HideSolutionNode = FALSE
	EndGlobalSection
EndGlobal
