Microsoft Visual Studio Solution File, Format Version 12.00
# Visual Studio Express 2013 for Windows Desktop
VisualStudioVersion = 12.0.21005.1
MinimumVisualStudioVersion = 10.0.40219.1
Project("{8BC9CEB8-8B4A-11D0-8D11-00A0C91BC942}") = "test", "test\test.vcxproj", "{7794088A-E2FD-4AB4-9FE7-B166CB9CBBAA}"
EndProject
Project("{8BC9CEB8-8B4A-11D0-8D11-00A0C91BC942}") = "GClasses", "GClasses\GClasses.vcxproj", "{E9F67748-E716-4F28-B096-44343A8E28B3}"
EndProject
Project("{8BC9CEB8-8B4A-11D0-8D11-00A0C91BC942}") = "waffles_wizard", "wizard\waffles_wizard.vcxproj", "{BA50901A-8EFA-4078-8FA2-633C4E4FA8AD}"
EndProject
Project("{8BC9CEB8-8B4A-11D0-8D11-00A0C91BC942}") = "waffles_learn", "learn\waffles_learn.vcxproj", "{7381F166-770F-402F-B7E4-44D48510F0D9}"
EndProject
Project("{8BC9CEB8-8B4A-11D0-8D11-00A0C91BC942}") = "waffles_transform", "transform\waffles_transform.vcxproj", "{CBEE00FD-5CE6-4887-A747-2CC067A9A912}"
EndProject
Project("{8BC9CEB8-8B4A-11D0-8D11-00A0C91BC942}") = "waffles_plot", "plot\waffles_plot.vcxproj", "{B3067217-E136-4CCE-AC8F-893C96D64EAE}"
EndProject
Project("{8BC9CEB8-8B4A-11D0-8D11-00A0C91BC942}") = "waffles_recommend", "recommend\waffles_recommend.vcxproj", "{6D38F08E-E036-438E-8B8F-218001C6CA38}"
EndProject
Project("{8BC9CEB8-8B4A-11D0-8D11-00A0C91BC942}") = "waffles_sparse", "sparse\waffles_sparse.vcxproj", "{29C0BCC7-5A48-4643-A8E1-628380C46A05}"
EndProject
Project("{8BC9CEB8-8B4A-11D0-8D11-00A0C91BC942}") = "waffles_cluster", "cluster\waffles_cluster.vcxproj", "{78AC57EA-2E80-46D6-B6A0-70782121B688}"
EndProject
Project("{8BC9CEB8-8B4A-11D0-8D11-00A0C91BC942}") = "waffles_dimred", "dimred\waffles_dimred.vcxproj", "{79ED338B-3091-4AD6-87F6-B62FC8DD7C29}"
EndProject
Project("{8BC9CEB8-8B4A-11D0-8D11-00A0C91BC942}") = "waffles_audio", "audio\waffles_audio.vcxproj", "{5F64187D-C4DF-4565-B1CC-9D5CE4C94462}"
	ProjectSection(ProjectDependencies) = postProject
		{E9F67748-E716-4F28-B096-44343A8E28B3} = {E9F67748-E716-4F28-B096-44343A8E28B3}
	EndProjectSection
EndProject
Global
	GlobalSection(SolutionConfigurationPlatforms) = preSolution
		Debug|x64 = Debug|x64
		Release|x64 = Release|x64
	EndGlobalSection
	GlobalSection(ProjectConfigurationPlatforms) = postSolution
		{7794088A-E2FD-4AB4-9FE7-B166CB9CBBAA}.Debug|x64.ActiveCfg = Debug|x64
		{7794088A-E2FD-4AB4-9FE7-B166CB9CBBAA}.Debug|x64.Build.0 = Debug|x64
		{7794088A-E2FD-4AB4-9FE7-B166CB9CBBAA}.Release|x64.ActiveCfg = Release|x64
		{7794088A-E2FD-4AB4-9FE7-B166CB9CBBAA}.Release|x64.Build.0 = Release|x64
		{E9F67748-E716-4F28-B096-44343A8E28B3}.Debug|x64.ActiveCfg = Debug|x64
		{E9F67748-E716-4F28-B096-44343A8E28B3}.Debug|x64.Build.0 = Debug|x64
		{E9F67748-E716-4F28-B096-44343A8E28B3}.Release|x64.ActiveCfg = Release|x64
		{E9F67748-E716-4F28-B096-44343A8E28B3}.Release|x64.Build.0 = Release|x64
		{BA50901A-8EFA-4078-8FA2-633C4E4FA8AD}.Debug|x64.ActiveCfg = Debug|x64
		{BA50901A-8EFA-4078-8FA2-633C4E4FA8AD}.Debug|x64.Build.0 = Debug|x64
		{BA50901A-8EFA-4078-8FA2-633C4E4FA8AD}.Release|x64.ActiveCfg = Release|x64
		{BA50901A-8EFA-4078-8FA2-633C4E4FA8AD}.Release|x64.Build.0 = Release|x64
		{7381F166-770F-402F-B7E4-44D48510F0D9}.Debug|x64.ActiveCfg = Debug|x64
		{7381F166-770F-402F-B7E4-44D48510F0D9}.Debug|x64.Build.0 = Debug|x64
		{7381F166-770F-402F-B7E4-44D48510F0D9}.Release|x64.ActiveCfg = Release|x64
		{7381F166-770F-402F-B7E4-44D48510F0D9}.Release|x64.Build.0 = Release|x64
		{CBEE00FD-5CE6-4887-A747-2CC067A9A912}.Debug|x64.ActiveCfg = Debug|x64
		{CBEE00FD-5CE6-4887-A747-2CC067A9A912}.Debug|x64.Build.0 = Debug|x64
		{CBEE00FD-5CE6-4887-A747-2CC067A9A912}.Release|x64.ActiveCfg = Release|x64
		{CBEE00FD-5CE6-4887-A747-2CC067A9A912}.Release|x64.Build.0 = Release|x64
		{B3067217-E136-4CCE-AC8F-893C96D64EAE}.Debug|x64.ActiveCfg = Debug|x64
		{B3067217-E136-4CCE-AC8F-893C96D64EAE}.Debug|x64.Build.0 = Debug|x64
		{B3067217-E136-4CCE-AC8F-893C96D64EAE}.Release|x64.ActiveCfg = Release|x64
		{B3067217-E136-4CCE-AC8F-893C96D64EAE}.Release|x64.Build.0 = Release|x64
		{6D38F08E-E036-438E-8B8F-218001C6CA38}.Debug|x64.ActiveCfg = Debug|x64
		{6D38F08E-E036-438E-8B8F-218001C6CA38}.Debug|x64.Build.0 = Debug|x64
		{6D38F08E-E036-438E-8B8F-218001C6CA38}.Release|x64.ActiveCfg = Release|x64
		{6D38F08E-E036-438E-8B8F-218001C6CA38}.Release|x64.Build.0 = Release|x64
		{29C0BCC7-5A48-4643-A8E1-628380C46A05}.Debug|x64.ActiveCfg = Debug|x64
		{29C0BCC7-5A48-4643-A8E1-628380C46A05}.Debug|x64.Build.0 = Debug|x64
		{29C0BCC7-5A48-4643-A8E1-628380C46A05}.Release|x64.ActiveCfg = Release|x64
		{29C0BCC7-5A48-4643-A8E1-628380C46A05}.Release|x64.Build.0 = Release|x64
		{78AC57EA-2E80-46D6-B6A0-70782121B688}.Debug|x64.ActiveCfg = Debug|x64
		{78AC57EA-2E80-46D6-B6A0-70782121B688}.Debug|x64.Build.0 = Debug|x64
		{78AC57EA-2E80-46D6-B6A0-70782121B688}.Release|x64.ActiveCfg = Release|x64
		{78AC57EA-2E80-46D6-B6A0-70782121B688}.Release|x64.Build.0 = Release|x64
		{79ED338B-3091-4AD6-87F6-B62FC8DD7C29}.Debug|x64.ActiveCfg = Debug|x64
		{79ED338B-3091-4AD6-87F6-B62FC8DD7C29}.Debug|x64.Build.0 = Debug|x64
		{79ED338B-3091-4AD6-87F6-B62FC8DD7C29}.Release|x64.ActiveCfg = Release|x64
		{79ED338B-3091-4AD6-87F6-B62FC8DD7C29}.Release|x64.Build.0 = Release|x64
		{5F64187D-C4DF-4565-B1CC-9D5CE4C94462}.Debug|x64.ActiveCfg = Debug|x64
		{5F64187D-C4DF-4565-B1CC-9D5CE4C94462}.Debug|x64.Build.0 = Debug|x64
		{5F64187D-C4DF-4565-B1CC-9D5CE4C94462}.Release|x64.ActiveCfg = Release|x64
		{5F64187D-C4DF-4565-B1CC-9D5CE4C94462}.Release|x64.Build.0 = Release|x64
	EndGlobalSection
	GlobalSection(SolutionProperties) = preSolution
		HideSolutionNode = FALSE
	EndGlobalSection
EndGlobal
